
Microsoft Visual Studio Solution File, Format Version 10.00
# Visual Studio 2008
Project("{FAE04EC0-301F-11D3-BF4B-00C04F79EFBC}") = "WireSales_Prj", "WireSales_Prj\WireSales_Prj.csproj", "{43BF19FC-B71E-4FEC-B4F1-58D7FDDDB472}"
EndProject
Project("{54435603-DBB4-11D2-8724-00A0C9A8B90C}") = "SetupSale", "SetupSale\SetupSale.vdproj", "{307959CD-9FF3-46FF-B8B9-E379DEE0F3B5}"
EndProject
Global
	GlobalSection(SolutionConfigurationPlatforms) = preSolution
		Debug|Any CPU = Debug|Any CPU
		Release|Any CPU = Release|Any CPU
	EndGlobalSection
	GlobalSection(ProjectConfigurationPlatforms) = postSolution
		{43BF19FC-B71E-4FEC-B4F1-58D7FDDDB472}.Debug|Any CPU.ActiveCfg = Debug|Any CPU
		{43BF19FC-B71E-4FEC-B4F1-58D7FDDDB472}.Debug|Any CPU.Build.0 = Debug|Any CPU
		{43BF19FC-B71E-4FEC-B4F1-58D7FDDDB472}.Release|Any CPU.ActiveCfg = Release|Any CPU
		{43BF19FC-B71E-4FEC-B4F1-58D7FDDDB472}.Release|Any CPU.Build.0 = Release|Any CPU
		{307959CD-9FF3-46FF-B8B9-E379DEE0F3B5}.Debug|Any CPU.ActiveCfg = Debug
		{307959CD-9FF3-46FF-B8B9-E379DEE0F3B5}.Release|Any CPU.ActiveCfg = Release
	EndGlobalSection
	GlobalSection(SolutionProperties) = preSolution
		HideSolutionNode = FALSE
	EndGlobalSection
EndGlobal
